
Microsoft Visual Studio Solution File, Format Version 12.00
# Visual Studio 15
VisualStudioVersion = 15.0.28307.421
MinimumVisualStudioVersion = 10.0.40219.1
Project("{FAE04EC0-301F-11D3-BF4B-00C04F79EFBC}") = "CloudinaryMediaUpload.API", "CloudinaryMediaUpload.API\CloudinaryMediaUpload.API.csproj", "{DE96CCEF-7E9E-4B31-A4F7-0D65009EEE9E}"
EndProject
Global
	GlobalSection(SolutionConfigurationPlatforms) = preSolution
		Debug|Any CPU = Debug|Any CPU
		Release|Any CPU = Release|Any CPU
	EndGlobalSection
	GlobalSection(ProjectConfigurationPlatforms) = postSolution
		{DE96CCEF-7E9E-4B31-A4F7-0D65009EEE9E}.Debug|Any CPU.ActiveCfg = Debug|Any CPU
		{DE96CCEF-7E9E-4B31-A4F7-0D65009EEE9E}.Debug|Any CPU.Build.0 = Debug|Any CPU
		{DE96CCEF-7E9E-4B31-A4F7-0D65009EEE9E}.Release|Any CPU.ActiveCfg = Release|Any CPU
		{DE96CCEF-7E9E-4B31-A4F7-0D65009EEE9E}.Release|Any CPU.Build.0 = Release|Any CPU
	EndGlobalSection
	GlobalSection(SolutionProperties) = preSolution
		HideSolutionNode = FALSE
	EndGlobalSection
	GlobalSection(ExtensibilityGlobals) = postSolution
		SolutionGuid = {B5FA3DFE-4661-45A3-98E6-8F8B3C261F01}
	EndGlobalSection
EndGlobal
